
Microsoft Visual Studio Solution File, Format Version 12.00
# Visual Studio Version 16
VisualStudioVersion = 16.0.30503.244
MinimumVisualStudioVersion = 10.0.40219.1
Project("{FAE04EC0-301F-11D3-BF4B-00C04F79EFBC}") = "Munters", "Munters\Munters.csproj", "{25CC85E8-048B-40DD-A3C3-161D0A9D3E03}"
EndProject
Project("{FAE04EC0-301F-11D3-BF4B-00C04F79EFBC}") = "GifViewer", "GifViewer\GifViewer.csproj", "{0BE39C48-BF5E-4B44-ADE8-1F473F7B1CB7}"
EndProject
Global
	GlobalSection(SolutionConfigurationPlatforms) = preSolution
		Debug|Any CPU = Debug|Any CPU
		Release|Any CPU = Release|Any CPU
	EndGlobalSection
	GlobalSection(ProjectConfigurationPlatforms) = postSolution
		{25CC85E8-048B-40DD-A3C3-161D0A9D3E03}.Debug|Any CPU.ActiveCfg = Debug|Any CPU
		{25CC85E8-048B-40DD-A3C3-161D0A9D3E03}.Debug|Any CPU.Build.0 = Debug|Any CPU
		{25CC85E8-048B-40DD-A3C3-161D0A9D3E03}.Release|Any CPU.ActiveCfg = Release|Any CPU
		{25CC85E8-048B-40DD-A3C3-161D0A9D3E03}.Release|Any CPU.Build.0 = Release|Any CPU
		{0BE39C48-BF5E-4B44-ADE8-1F473F7B1CB7}.Debug|Any CPU.ActiveCfg = Debug|Any CPU
		{0BE39C48-BF5E-4B44-ADE8-1F473F7B1CB7}.Debug|Any CPU.Build.0 = Debug|Any CPU
		{0BE39C48-BF5E-4B44-ADE8-1F473F7B1CB7}.Release|Any CPU.ActiveCfg = Release|Any CPU
		{0BE39C48-BF5E-4B44-ADE8-1F473F7B1CB7}.Release|Any CPU.Build.0 = Release|Any CPU
	EndGlobalSection
	GlobalSection(SolutionProperties) = preSolution
		HideSolutionNode = FALSE
	EndGlobalSection
	GlobalSection(ExtensibilityGlobals) = postSolution
		SolutionGuid = {B89014A0-A95F-49F0-AB24-6ADA390CA394}
	EndGlobalSection
EndGlobal
